
Microsoft Visual Studio Solution File, Format Version 12.00
# Visual Studio Version 17
VisualStudioVersion = 17.9.34607.119
MinimumVisualStudioVersion = 10.0.40219.1
Project("{9A19103F-16F7-4668-BE54-9A1E7A4F7556}") = "Max-CRM", "Max-CRM\Max-CRM.csproj", "{C0BFFBC2-7D38-49AF-BC8A-78EFB99DB657}"
EndProject
Project("{9A19103F-16F7-4668-BE54-9A1E7A4F7556}") = "CRM.Entities", "CRM.Entities\CRM.Entities.csproj", "{DFC48389-7F26-477B-A8E7-62F2E4389C6C}"
EndProject
Project("{2150E333-8FDC-42A3-9474-1A3956D46DE8}") = "Solution items", "Solution items", "{A3D379BD-B8CF-4102-806A-76F1208608D5}"
	ProjectSection(SolutionItems) = preProject
		.editorconfig = .editorconfig
		Directory.Build.props = Directory.Build.props
		Directory.Packages.props = Directory.Packages.props
	EndProjectSection
EndProject
Project("{FAE04EC0-301F-11D3-BF4B-00C04F79EFBC}") = "CRM.Core", "CRM.Core\CRM.Core.csproj", "{1965AD69-80B9-4238-9976-F352A1A9EF4F}"
EndProject
Project("{FAE04EC0-301F-11D3-BF4B-00C04F79EFBC}") = "CRM.Services", "CRM.Services\CRM.Services.csproj", "{8B16CC14-8BA4-4D7E-89C4-DCF29FF41586}"
EndProject
Global
	GlobalSection(SolutionConfigurationPlatforms) = preSolution
		Debug|Any CPU = Debug|Any CPU
		Release|Any CPU = Release|Any CPU
	EndGlobalSection
	GlobalSection(ProjectConfigurationPlatforms) = postSolution
		{C0BFFBC2-7D38-49AF-BC8A-78EFB99DB657}.Debug|Any CPU.ActiveCfg = Debug|Any CPU
		{C0BFFBC2-7D38-49AF-BC8A-78EFB99DB657}.Debug|Any CPU.Build.0 = Debug|Any CPU
		{C0BFFBC2-7D38-49AF-BC8A-78EFB99DB657}.Release|Any CPU.ActiveCfg = Release|Any CPU
		{C0BFFBC2-7D38-49AF-BC8A-78EFB99DB657}.Release|Any CPU.Build.0 = Release|Any CPU
		{DFC48389-7F26-477B-A8E7-62F2E4389C6C}.Debug|Any CPU.ActiveCfg = Debug|Any CPU
		{DFC48389-7F26-477B-A8E7-62F2E4389C6C}.Debug|Any CPU.Build.0 = Debug|Any CPU
		{DFC48389-7F26-477B-A8E7-62F2E4389C6C}.Release|Any CPU.ActiveCfg = Release|Any CPU
		{DFC48389-7F26-477B-A8E7-62F2E4389C6C}.Release|Any CPU.Build.0 = Release|Any CPU
		{1965AD69-80B9-4238-9976-F352A1A9EF4F}.Debug|Any CPU.ActiveCfg = Debug|Any CPU
		{1965AD69-80B9-4238-9976-F352A1A9EF4F}.Debug|Any CPU.Build.0 = Debug|Any CPU
		{1965AD69-80B9-4238-9976-F352A1A9EF4F}.Release|Any CPU.ActiveCfg = Release|Any CPU
		{1965AD69-80B9-4238-9976-F352A1A9EF4F}.Release|Any CPU.Build.0 = Release|Any CPU
		{8B16CC14-8BA4-4D7E-89C4-DCF29FF41586}.Debug|Any CPU.ActiveCfg = Debug|Any CPU
		{8B16CC14-8BA4-4D7E-89C4-DCF29FF41586}.Debug|Any CPU.Build.0 = Debug|Any CPU
		{8B16CC14-8BA4-4D7E-89C4-DCF29FF41586}.Release|Any CPU.ActiveCfg = Release|Any CPU
		{8B16CC14-8BA4-4D7E-89C4-DCF29FF41586}.Release|Any CPU.Build.0 = Release|Any CPU
	EndGlobalSection
	GlobalSection(SolutionProperties) = preSolution
		HideSolutionNode = FALSE
	EndGlobalSection
	GlobalSection(ExtensibilityGlobals) = postSolution
		SolutionGuid = {E9473979-86B0-401F-A4DA-FE1936ADBC32}
	EndGlobalSection
EndGlobal
